PODS:
  - NMapsGeometry (1.0.1)
  - NMapsMap (3.16.2):
    - NMapsGeometry

DEPENDENCIES:
  - NMapsMap

SPEC REPOS:
  trunk:
    - NMapsGeometry
    - NMapsMap

SPEC CHECKSUMS:
  NMapsGeometry: 53c573ead66466681cf123f99f698dc8071a4b83
  NMapsMap: aaa64717249b06ae82c3a3addb3a01f0e33100ab

PODFILE CHECKSUM: d8490def9fde4bdd739d14d2acd72549e6a50f15

COCOAPODS: 1.11.3
