// !$*UTF8*$!
{
	archiveVersion = 1;
	classes = {
	};
	objectVersion = 56;
	objects = {

/* Begin PBXBuildFile section */
		040685002A01539800377094 /* AppDelegate.swift in Sources */ = {isa = PBXBuildFile; fileRef = 040684FF2A01539800377094 /* AppDelegate.swift */; };
		040685022A01539800377094 /* SceneDelegate.swift in Sources */ = {isa = PBXBuildFile; fileRef = 040685012A01539800377094 /* SceneDelegate.swift */; };
		040685042A01539800377094 /* MainViewController.swift in Sources */ = {isa = PBXBuildFile; fileRef = 040685032A01539800377094 /* MainViewController.swift */; };
		040685092A01539800377094 /* Assets.xcassets in Resources */ = {isa = PBXBuildFile; fileRef = 040685082A01539800377094 /* Assets.xcassets */; };
		0406850C2A01539800377094 /* LaunchScreen.storyboard in Resources */ = {isa = PBXBuildFile; fileRef = 0406850A2A01539800377094 /* LaunchScreen.storyboard */; };
		0410388E2A12688A00BC5532 /* DropMusicRequestDTO.swift in Sources */ = {isa = PBXBuildFile; fileRef = 049F50212A122C8A001528CB /* DropMusicRequestDTO.swift */; };
		041038972A126E7B00BC5532 /* NumberOfDroppedMusicByDongResponseDTO.swift in Sources */ = {isa = PBXBuildFile; fileRef = 041038962A126E7B00BC5532 /* NumberOfDroppedMusicByDongResponseDTO.swift */; };
		041038982A126E7B00BC5532 /* NumberOfDroppedMusicByDongResponseDTO.swift in Sources */ = {isa = PBXBuildFile; fileRef = 041038962A126E7B00BC5532 /* NumberOfDroppedMusicByDongResponseDTO.swift */; };
		049BC4262A02826400071A12 /* RxCocoa in Frameworks */ = {isa = PBXBuildFile; productRef = 049BC4252A02826400071A12 /* RxCocoa */; };
		049BC4282A02826400071A12 /* RxRelay in Frameworks */ = {isa = PBXBuildFile; productRef = 049BC4272A02826400071A12 /* RxRelay */; };
		049BC42A2A02826400071A12 /* RxSwift in Frameworks */ = {isa = PBXBuildFile; productRef = 049BC4292A02826400071A12 /* RxSwift */; };
		049BC4362A02845900071A12 /* Moya in Frameworks */ = {isa = PBXBuildFile; productRef = 049BC4352A02845900071A12 /* Moya */; };
		049BC4382A02845900071A12 /* RxMoya in Frameworks */ = {isa = PBXBuildFile; productRef = 049BC4372A02845900071A12 /* RxMoya */; };
		049BC43B2A0284E900071A12 /* SnapKit in Frameworks */ = {isa = PBXBuildFile; productRef = 049BC43A2A0284E900071A12 /* SnapKit */; };
		049F50222A122C8A001528CB /* DropMusicRequestDTO.swift in Sources */ = {isa = PBXBuildFile; fileRef = 049F50212A122C8A001528CB /* DropMusicRequestDTO.swift */; };
		04FB1F262A0215BC0064B3C8 /* MainViewModel.swift in Sources */ = {isa = PBXBuildFile; fileRef = 04FB1F252A0215BC0064B3C8 /* MainViewModel.swift */; };
		04FB1F282A021B0A0064B3C8 /* MainModel.swift in Sources */ = {isa = PBXBuildFile; fileRef = 04FB1F272A021B0A0064B3C8 /* MainModel.swift */; };
		04FB1F2B2A021B8F0064B3C8 /* TestRepository.swift in Sources */ = {isa = PBXBuildFile; fileRef = 04FB1F2A2A021B8F0064B3C8 /* TestRepository.swift */; };
		04FB1F2D2A021BAB0064B3C8 /* DefaultTestRepository.swift in Sources */ = {isa = PBXBuildFile; fileRef = 04FB1F2C2A021BAB0064B3C8 /* DefaultTestRepository.swift */; };
		04FB1F322A021C330064B3C8 /* TestError.swift in Sources */ = {isa = PBXBuildFile; fileRef = 04FB1F312A021C330064B3C8 /* TestError.swift */; };
		18AAF82E2A135D56002EF441 /* MusicWithinAreaRequestDTO.swift in Sources */ = {isa = PBXBuildFile; fileRef = 18AAF82D2A135D56002EF441 /* MusicWithinAreaRequestDTO.swift */; };
		18AAF8422A13CC54002EF441 /* MusicWithinAreaResponseDTO.swift in Sources */ = {isa = PBXBuildFile; fileRef = 18AAF8402A13CC54002EF441 /* MusicWithinAreaResponseDTO.swift */; };
		18AAF8372A136F9E002EF441 /* MusicWithinAreaResponseDTO.swift in Sources */ = {isa = PBXBuildFile; fileRef = 18AAF82B2A127172002EF441 /* MusicWithinAreaResponseDTO.swift */; };
		18AAF8382A136FA0002EF441 /* MusicWithinAreaRequestDTO.swift in Sources */ = {isa = PBXBuildFile; fileRef = 18AAF82D2A135D56002EF441 /* MusicWithinAreaRequestDTO.swift */; };
		18F76FAB2A04FF2E006CF9EF /* NetworkManager.swift in Sources */ = {isa = PBXBuildFile; fileRef = 18F76FAA2A04FF2E006CF9EF /* NetworkManager.swift */; };
		18F76FAD2A04FF3D006CF9EF /* NetworkService.swift in Sources */ = {isa = PBXBuildFile; fileRef = 18F76FAC2A04FF3D006CF9EF /* NetworkService.swift */; };
		18F76FB02A050133006CF9EF /* ResponseDTO.swift in Sources */ = {isa = PBXBuildFile; fileRef = 18F76FAF2A050133006CF9EF /* ResponseDTO.swift */; };
		41B953682A10E39D00BEC0AB /* SearchedMusicResponseDTO.swift in Sources */ = {isa = PBXBuildFile; fileRef = 41B953672A10E39D00BEC0AB /* SearchedMusicResponseDTO.swift */; };
		41B953692A10E5B800BEC0AB /* SearchedMusicResponseDTO.swift in Sources */ = {isa = PBXBuildFile; fileRef = 41B953672A10E39D00BEC0AB /* SearchedMusicResponseDTO.swift */; };
		41FF58FC2A06B38800ABB871 /* NetworkManagerTest.swift in Sources */ = {isa = PBXBuildFile; fileRef = 41FF58FB2A06B38800ABB871 /* NetworkManagerTest.swift */; };
		41FF59022A06B3A100ABB871 /* NetworkManager.swift in Sources */ = {isa = PBXBuildFile; fileRef = 18F76FAA2A04FF2E006CF9EF /* NetworkManager.swift */; };
		41FF59032A06B3A200ABB871 /* NetworkService.swift in Sources */ = {isa = PBXBuildFile; fileRef = 18F76FAC2A04FF3D006CF9EF /* NetworkService.swift */; };
		C51230A18096B11C82137084 /* libPods-StreetDrop.a in Frameworks */ = {isa = PBXBuildFile; fileRef = 642A4AE13B198B9F5F5F76E4 /* libPods-StreetDrop.a */; };
/* End PBXBuildFile section */

/* Begin PBXContainerItemProxy section */
		41FF58FD2A06B38800ABB871 /* PBXContainerItemProxy */ = {
			isa = PBXContainerItemProxy;
			containerPortal = 040684F42A01539800377094 /* Project object */;
			proxyType = 1;
			remoteGlobalIDString = 040684FB2A01539800377094;
			remoteInfo = StreetDrop;
		};
/* End PBXContainerItemProxy section */

/* Begin PBXFileReference section */
		040684FC2A01539800377094 /* StreetDrop.app */ = {isa = PBXFileReference; explicitFileType = wrapper.application; includeInIndex = 0; path = StreetDrop.app; sourceTree = BUILT_PRODUCTS_DIR; };
		040684FF2A01539800377094 /* AppDelegate.swift */ = {isa = PBXFileReference; lastKnownFileType = sourcecode.swift; path = AppDelegate.swift; sourceTree = "<group>"; };
		040685012A01539800377094 /* SceneDelegate.swift */ = {isa = PBXFileReference; lastKnownFileType = sourcecode.swift; path = SceneDelegate.swift; sourceTree = "<group>"; };
		040685032A01539800377094 /* MainViewController.swift */ = {isa = PBXFileReference; lastKnownFileType = sourcecode.swift; path = MainViewController.swift; sourceTree = "<group>"; };
		040685082A01539800377094 /* Assets.xcassets */ = {isa = PBXFileReference; lastKnownFileType = folder.assetcatalog; path = Assets.xcassets; sourceTree = "<group>"; };
		0406850B2A01539800377094 /* Base */ = {isa = PBXFileReference; lastKnownFileType = file.storyboard; name = Base; path = Base.lproj/LaunchScreen.storyboard; sourceTree = "<group>"; };
		0406850D2A01539800377094 /* Info.plist */ = {isa = PBXFileReference; lastKnownFileType = text.plist.xml; path = Info.plist; sourceTree = "<group>"; };
		041038962A126E7B00BC5532 /* NumberOfDroppedMusicByDongResponseDTO.swift */ = {isa = PBXFileReference; lastKnownFileType = sourcecode.swift; path = NumberOfDroppedMusicByDongResponseDTO.swift; sourceTree = "<group>"; };
		049F50212A122C8A001528CB /* DropMusicRequestDTO.swift */ = {isa = PBXFileReference; lastKnownFileType = sourcecode.swift; path = DropMusicRequestDTO.swift; sourceTree = "<group>"; };
		04FB1F252A0215BC0064B3C8 /* MainViewModel.swift */ = {isa = PBXFileReference; lastKnownFileType = sourcecode.swift; path = MainViewModel.swift; sourceTree = "<group>"; };
		04FB1F272A021B0A0064B3C8 /* MainModel.swift */ = {isa = PBXFileReference; lastKnownFileType = sourcecode.swift; path = MainModel.swift; sourceTree = "<group>"; };
		04FB1F2A2A021B8F0064B3C8 /* TestRepository.swift */ = {isa = PBXFileReference; lastKnownFileType = sourcecode.swift; path = TestRepository.swift; sourceTree = "<group>"; };
		04FB1F2C2A021BAB0064B3C8 /* DefaultTestRepository.swift */ = {isa = PBXFileReference; lastKnownFileType = sourcecode.swift; path = DefaultTestRepository.swift; sourceTree = "<group>"; };
		04FB1F312A021C330064B3C8 /* TestError.swift */ = {isa = PBXFileReference; lastKnownFileType = sourcecode.swift; path = TestError.swift; sourceTree = "<group>"; };
		18AAF82D2A135D56002EF441 /* MusicWithinAreaRequestDTO.swift */ = {isa = PBXFileReference; lastKnownFileType = sourcecode.swift; path = MusicWithinAreaRequestDTO.swift; sourceTree = "<group>"; };
		18AAF8402A13CC54002EF441 /* MusicWithinAreaResponseDTO.swift */ = {isa = PBXFileReference; fileEncoding = 4; lastKnownFileType = sourcecode.swift; path = MusicWithinAreaResponseDTO.swift; sourceTree = "<group>"; };
		18F76FAA2A04FF2E006CF9EF /* NetworkManager.swift */ = {isa = PBXFileReference; lastKnownFileType = sourcecode.swift; path = NetworkManager.swift; sourceTree = "<group>"; };
		18F76FAC2A04FF3D006CF9EF /* NetworkService.swift */ = {isa = PBXFileReference; lastKnownFileType = sourcecode.swift; path = NetworkService.swift; sourceTree = "<group>"; };
		18F76FAF2A050133006CF9EF /* ResponseDTO.swift */ = {isa = PBXFileReference; lastKnownFileType = sourcecode.swift; path = ResponseDTO.swift; sourceTree = "<group>"; };
		2611E7411DB7C5436A272A27 /* Pods-StreetDrop.release.xcconfig */ = {isa = PBXFileReference; includeInIndex = 1; lastKnownFileType = text.xcconfig; name = "Pods-StreetDrop.release.xcconfig"; path = "Target Support Files/Pods-StreetDrop/Pods-StreetDrop.release.xcconfig"; sourceTree = "<group>"; };
		33C6E9256EDABFB58F83B1C8 /* Pods-StreetDrop.debug.xcconfig */ = {isa = PBXFileReference; includeInIndex = 1; lastKnownFileType = text.xcconfig; name = "Pods-StreetDrop.debug.xcconfig"; path = "Target Support Files/Pods-StreetDrop/Pods-StreetDrop.debug.xcconfig"; sourceTree = "<group>"; };
		41B953672A10E39D00BEC0AB /* SearchedMusicResponseDTO.swift */ = {isa = PBXFileReference; lastKnownFileType = sourcecode.swift; path = SearchedMusicResponseDTO.swift; sourceTree = "<group>"; };
		41FF58F92A06B38800ABB871 /* NetworkManagerTest.xctest */ = {isa = PBXFileReference; explicitFileType = wrapper.cfbundle; includeInIndex = 0; path = NetworkManagerTest.xctest; sourceTree = BUILT_PRODUCTS_DIR; };
		41FF58FB2A06B38800ABB871 /* NetworkManagerTest.swift */ = {isa = PBXFileReference; lastKnownFileType = sourcecode.swift; path = NetworkManagerTest.swift; sourceTree = "<group>"; };
		642A4AE13B198B9F5F5F76E4 /* libPods-StreetDrop.a */ = {isa = PBXFileReference; explicitFileType = archive.ar; includeInIndex = 0; path = "libPods-StreetDrop.a"; sourceTree = BUILT_PRODUCTS_DIR; };
/* End PBXFileReference section */

/* Begin PBXFrameworksBuildPhase section */
		040684F92A01539800377094 /* Frameworks */ = {
			isa = PBXFrameworksBuildPhase;
			buildActionMask = 2147483647;
			files = (
				049BC4382A02845900071A12 /* RxMoya in Frameworks */,
				049BC42A2A02826400071A12 /* RxSwift in Frameworks */,
				049BC4282A02826400071A12 /* RxRelay in Frameworks */,
				049BC43B2A0284E900071A12 /* SnapKit in Frameworks */,
				049BC4362A02845900071A12 /* Moya in Frameworks */,
				049BC4262A02826400071A12 /* RxCocoa in Frameworks */,
				C51230A18096B11C82137084 /* libPods-StreetDrop.a in Frameworks */,
			);
			runOnlyForDeploymentPostprocessing = 0;
		};
		41FF58F62A06B38700ABB871 /* Frameworks */ = {
			isa = PBXFrameworksBuildPhase;
			buildActionMask = 2147483647;
			files = (
			);
			runOnlyForDeploymentPostprocessing = 0;
		};
/* End PBXFrameworksBuildPhase section */

/* Begin PBXGroup section */
		040684F32A01539800377094 = {
			isa = PBXGroup;
			children = (
				040684FE2A01539800377094 /* StreetDrop */,
				41FF58FA2A06B38800ABB871 /* NetworkManagerTest */,
				040684FD2A01539800377094 /* Products */,
				DD24191EB8D98350CCDA3174 /* Pods */,
				9AF428BDAA5509AEF1F4FB64 /* Frameworks */,
			);
			sourceTree = "<group>";
		};
		040684FD2A01539800377094 /* Products */ = {
			isa = PBXGroup;
			children = (
				040684FC2A01539800377094 /* StreetDrop.app */,
				41FF58F92A06B38800ABB871 /* NetworkManagerTest.xctest */,
			);
			name = Products;
			sourceTree = "<group>";
		};
		040684FE2A01539800377094 /* StreetDrop */ = {
			isa = PBXGroup;
			children = (
				04FB1F1A2A0213780064B3C8 /* Application */,
				04FB1F242A0214FA0064B3C8 /* Resource */,
				04FB1F222A0214A20064B3C8 /* Util */,
				04FB1F1D2A0213B90064B3C8 /* Presentation */,
				04FB1F1B2A02138C0064B3C8 /* Data */,
				04FB1F232A0214B40064B3C8 /* Network */,
			);
			path = StreetDrop;
			sourceTree = "<group>";
		};
		041038952A126D1400BC5532 /* NumberOfDroppedMusicByDong */ = {
			isa = PBXGroup;
			children = (
				041038962A126E7B00BC5532 /* NumberOfDroppedMusicByDongResponseDTO.swift */,
			);
			path = NumberOfDroppedMusicByDong;
			sourceTree = "<group>";
		};
		049F50242A122C8F001528CB /* DropMusic */ = {
			isa = PBXGroup;
			children = (
				049F50212A122C8A001528CB /* DropMusicRequestDTO.swift */,
			);
			path = DropMusic;
			sourceTree = "<group>";
		};
		04FB1F1A2A0213780064B3C8 /* Application */ = {
			isa = PBXGroup;
			children = (
				040684FF2A01539800377094 /* AppDelegate.swift */,
				040685012A01539800377094 /* SceneDelegate.swift */,
				0406850A2A01539800377094 /* LaunchScreen.storyboard */,
			);
			path = Application;
			sourceTree = "<group>";
		};
		04FB1F1B2A02138C0064B3C8 /* Data */ = {
			isa = PBXGroup;
			children = (
				18F76FAE2A050110006CF9EF /* DataMapping */,
				04FB1F1C2A02139C0064B3C8 /* Repositories */,
			);
			path = Data;
			sourceTree = "<group>";
		};
		04FB1F1C2A02139C0064B3C8 /* Repositories */ = {
			isa = PBXGroup;
			children = (
				04FB1F292A021B750064B3C8 /* Protocol */,
				04FB1F2C2A021BAB0064B3C8 /* DefaultTestRepository.swift */,
			);
			path = Repositories;
			sourceTree = "<group>";
		};
		04FB1F1D2A0213B90064B3C8 /* Presentation */ = {
			isa = PBXGroup;
			children = (
				04FB1F1E2A0214070064B3C8 /* MainScene */,
			);
			path = Presentation;
			sourceTree = "<group>";
		};
		04FB1F1E2A0214070064B3C8 /* MainScene */ = {
			isa = PBXGroup;
			children = (
				04FB1F1F2A0214340064B3C8 /* View */,
				04FB1F202A02143A0064B3C8 /* ViewModel */,
				04FB1F212A0214430064B3C8 /* Model */,
			);
			path = MainScene;
			sourceTree = "<group>";
		};
		04FB1F1F2A0214340064B3C8 /* View */ = {
			isa = PBXGroup;
			children = (
				040685032A01539800377094 /* MainViewController.swift */,
			);
			path = View;
			sourceTree = "<group>";
		};
		04FB1F202A02143A0064B3C8 /* ViewModel */ = {
			isa = PBXGroup;
			children = (
				04FB1F252A0215BC0064B3C8 /* MainViewModel.swift */,
			);
			path = ViewModel;
			sourceTree = "<group>";
		};
		04FB1F212A0214430064B3C8 /* Model */ = {
			isa = PBXGroup;
			children = (
				04FB1F272A021B0A0064B3C8 /* MainModel.swift */,
			);
			path = Model;
			sourceTree = "<group>";
		};
		04FB1F222A0214A20064B3C8 /* Util */ = {
			isa = PBXGroup;
			children = (
				04FB1F302A021C250064B3C8 /* Error */,
			);
			path = Util;
			sourceTree = "<group>";
		};
		04FB1F232A0214B40064B3C8 /* Network */ = {
			isa = PBXGroup;
			children = (
				18F76FAA2A04FF2E006CF9EF /* NetworkManager.swift */,
				18F76FAC2A04FF3D006CF9EF /* NetworkService.swift */,
			);
			path = Network;
			sourceTree = "<group>";
		};
		04FB1F242A0214FA0064B3C8 /* Resource */ = {
			isa = PBXGroup;
			children = (
				040685082A01539800377094 /* Assets.xcassets */,
				0406850D2A01539800377094 /* Info.plist */,
			);
			path = Resource;
			sourceTree = "<group>";
		};
		04FB1F292A021B750064B3C8 /* Protocol */ = {
			isa = PBXGroup;
			children = (
				04FB1F2A2A021B8F0064B3C8 /* TestRepository.swift */,
			);
			path = Protocol;
			sourceTree = "<group>";
		};
		04FB1F302A021C250064B3C8 /* Error */ = {
			isa = PBXGroup;
			children = (
				04FB1F312A021C330064B3C8 /* TestError.swift */,
			);
			path = Error;
			sourceTree = "<group>";
		};
		18AAF8362A136D9E002EF441 /* MusicWithinArea */ = {
			isa = PBXGroup;
			children = (
				18AAF8402A13CC54002EF441 /* MusicWithinAreaResponseDTO.swift */,
				18AAF82D2A135D56002EF441 /* MusicWithinAreaRequestDTO.swift */,
			);
			path = MusicWithinArea;
			sourceTree = "<group>";
		};
		18F76FAE2A050110006CF9EF /* DataMapping */ = {
			isa = PBXGroup;
			children = (
				41B953672A10E39D00BEC0AB /* SearchedMusicResponseDTO.swift */,
				18F76FAF2A050133006CF9EF /* ResponseDTO.swift */,
				049F50242A122C8F001528CB /* DropMusic */,
				041038952A126D1400BC5532 /* NumberOfDroppedMusicByDong */,
				18AAF8362A136D9E002EF441 /* MusicWithinArea */,
			);
			path = DataMapping;
			sourceTree = "<group>";
		};
		41FF58FA2A06B38800ABB871 /* NetworkManagerTest */ = {
			isa = PBXGroup;
			children = (
				41FF58FB2A06B38800ABB871 /* NetworkManagerTest.swift */,
			);
			path = NetworkManagerTest;
			sourceTree = "<group>";
		};
		9AF428BDAA5509AEF1F4FB64 /* Frameworks */ = {
			isa = PBXGroup;
			children = (
				642A4AE13B198B9F5F5F76E4 /* libPods-StreetDrop.a */,
			);
			name = Frameworks;
			sourceTree = "<group>";
		};
		DD24191EB8D98350CCDA3174 /* Pods */ = {
			isa = PBXGroup;
			children = (
				33C6E9256EDABFB58F83B1C8 /* Pods-StreetDrop.debug.xcconfig */,
				2611E7411DB7C5436A272A27 /* Pods-StreetDrop.release.xcconfig */,
			);
			path = Pods;
			sourceTree = "<group>";
		};
/* End PBXGroup section */

/* Begin PBXNativeTarget section */
		040684FB2A01539800377094 /* StreetDrop */ = {
			isa = PBXNativeTarget;
			buildConfigurationList = 040685102A01539800377094 /* Build configuration list for PBXNativeTarget "StreetDrop" */;
			buildPhases = (
				AAAD975E0D7F49C08E568D59 /* [CP] Check Pods Manifest.lock */,
				040684F82A01539800377094 /* Sources */,
				040684F92A01539800377094 /* Frameworks */,
				040684FA2A01539800377094 /* Resources */,
				D7AAC29D93F6B0DD182BBCE1 /* [CP] Embed Pods Frameworks */,
			);
			buildRules = (
			);
			dependencies = (
			);
			name = StreetDrop;
			packageProductDependencies = (
				049BC4252A02826400071A12 /* RxCocoa */,
				049BC4272A02826400071A12 /* RxRelay */,
				049BC4292A02826400071A12 /* RxSwift */,
				049BC4352A02845900071A12 /* Moya */,
				049BC4372A02845900071A12 /* RxMoya */,
				049BC43A2A0284E900071A12 /* SnapKit */,
			);
			productName = StreetDrop;
			productReference = 040684FC2A01539800377094 /* StreetDrop.app */;
			productType = "com.apple.product-type.application";
		};
		41FF58F82A06B38700ABB871 /* NetworkManagerTest */ = {
			isa = PBXNativeTarget;
			buildConfigurationList = 41FF59012A06B38800ABB871 /* Build configuration list for PBXNativeTarget "NetworkManagerTest" */;
			buildPhases = (
				41FF58F52A06B38700ABB871 /* Sources */,
				41FF58F62A06B38700ABB871 /* Frameworks */,
				41FF58F72A06B38700ABB871 /* Resources */,
			);
			buildRules = (
			);
			dependencies = (
				41FF58FE2A06B38800ABB871 /* PBXTargetDependency */,
			);
			name = NetworkManagerTest;
			productName = NetworkManagerTest;
			productReference = 41FF58F92A06B38800ABB871 /* NetworkManagerTest.xctest */;
			productType = "com.apple.product-type.bundle.unit-test";
		};
/* End PBXNativeTarget section */

/* Begin PBXProject section */
		040684F42A01539800377094 /* Project object */ = {
			isa = PBXProject;
			attributes = {
				BuildIndependentTargetsInParallel = 1;
				LastSwiftUpdateCheck = 1420;
				LastUpgradeCheck = 1420;
				TargetAttributes = {
					040684FB2A01539800377094 = {
						CreatedOnToolsVersion = 14.2;
					};
					41FF58F82A06B38700ABB871 = {
						CreatedOnToolsVersion = 14.2;
						TestTargetID = 040684FB2A01539800377094;
					};
				};
			};
			buildConfigurationList = 040684F72A01539800377094 /* Build configuration list for PBXProject "StreetDrop" */;
			compatibilityVersion = "Xcode 14.0";
			developmentRegion = en;
			hasScannedForEncodings = 0;
			knownRegions = (
				en,
				Base,
			);
			mainGroup = 040684F32A01539800377094;
			packageReferences = (
				049BC4242A02826400071A12 /* XCRemoteSwiftPackageReference "RxSwift" */,
				049BC4342A02845900071A12 /* XCRemoteSwiftPackageReference "Moya" */,
				049BC4392A0284E900071A12 /* XCRemoteSwiftPackageReference "SnapKit" */,
			);
			productRefGroup = 040684FD2A01539800377094 /* Products */;
			projectDirPath = "";
			projectRoot = "";
			targets = (
				040684FB2A01539800377094 /* StreetDrop */,
				41FF58F82A06B38700ABB871 /* NetworkManagerTest */,
			);
		};
/* End PBXProject section */

/* Begin PBXResourcesBuildPhase section */
		040684FA2A01539800377094 /* Resources */ = {
			isa = PBXResourcesBuildPhase;
			buildActionMask = 2147483647;
			files = (
				0406850C2A01539800377094 /* LaunchScreen.storyboard in Resources */,
				040685092A01539800377094 /* Assets.xcassets in Resources */,
			);
			runOnlyForDeploymentPostprocessing = 0;
		};
		41FF58F72A06B38700ABB871 /* Resources */ = {
			isa = PBXResourcesBuildPhase;
			buildActionMask = 2147483647;
			files = (
			);
			runOnlyForDeploymentPostprocessing = 0;
		};
/* End PBXResourcesBuildPhase section */

/* Begin PBXShellScriptBuildPhase section */
		AAAD975E0D7F49C08E568D59 /* [CP] Check Pods Manifest.lock */ = {
			isa = PBXShellScriptBuildPhase;
			buildActionMask = 2147483647;
			files = (
			);
			inputFileListPaths = (
			);
			inputPaths = (
				"${PODS_PODFILE_DIR_PATH}/Podfile.lock",
				"${PODS_ROOT}/Manifest.lock",
			);
			name = "[CP] Check Pods Manifest.lock";
			outputFileListPaths = (
			);
			outputPaths = (
				"$(DERIVED_FILE_DIR)/Pods-StreetDrop-checkManifestLockResult.txt",
			);
			runOnlyForDeploymentPostprocessing = 0;
			shellPath = /bin/sh;
			shellScript = "diff \"${PODS_PODFILE_DIR_PATH}/Podfile.lock\" \"${PODS_ROOT}/Manifest.lock\" > /dev/null\nif [ $? != 0 ] ; then\n    # print error to STDERR\n    echo \"error: The sandbox is not in sync with the Podfile.lock. Run 'pod install' or update your CocoaPods installation.\" >&2\n    exit 1\nfi\n# This output is used by Xcode 'outputs' to avoid re-running this script phase.\necho \"SUCCESS\" > \"${SCRIPT_OUTPUT_FILE_0}\"\n";
			showEnvVarsInLog = 0;
		};
		D7AAC29D93F6B0DD182BBCE1 /* [CP] Embed Pods Frameworks */ = {
			isa = PBXShellScriptBuildPhase;
			buildActionMask = 2147483647;
			files = (
			);
			inputFileListPaths = (
				"${PODS_ROOT}/Target Support Files/Pods-StreetDrop/Pods-StreetDrop-frameworks-${CONFIGURATION}-input-files.xcfilelist",
			);
			name = "[CP] Embed Pods Frameworks";
			outputFileListPaths = (
				"${PODS_ROOT}/Target Support Files/Pods-StreetDrop/Pods-StreetDrop-frameworks-${CONFIGURATION}-output-files.xcfilelist",
			);
			runOnlyForDeploymentPostprocessing = 0;
			shellPath = /bin/sh;
			shellScript = "\"${PODS_ROOT}/Target Support Files/Pods-StreetDrop/Pods-StreetDrop-frameworks.sh\"\n";
			showEnvVarsInLog = 0;
		};
/* End PBXShellScriptBuildPhase section */

/* Begin PBXSourcesBuildPhase section */
		040684F82A01539800377094 /* Sources */ = {
			isa = PBXSourcesBuildPhase;
			buildActionMask = 2147483647;
			files = (
				18F76FAD2A04FF3D006CF9EF /* NetworkService.swift in Sources */,
				18AAF82E2A135D56002EF441 /* MusicWithinAreaRequestDTO.swift in Sources */,
				040685042A01539800377094 /* MainViewController.swift in Sources */,
				040685002A01539800377094 /* AppDelegate.swift in Sources */,
				18F76FAB2A04FF2E006CF9EF /* NetworkManager.swift in Sources */,
				040685022A01539800377094 /* SceneDelegate.swift in Sources */,
				04FB1F322A021C330064B3C8 /* TestError.swift in Sources */,
				04FB1F282A021B0A0064B3C8 /* MainModel.swift in Sources */,
				04FB1F262A0215BC0064B3C8 /* MainViewModel.swift in Sources */,
				049F50222A122C8A001528CB /* DropMusicRequestDTO.swift in Sources */,
				041038972A126E7B00BC5532 /* NumberOfDroppedMusicByDongResponseDTO.swift in Sources */,
				04FB1F2D2A021BAB0064B3C8 /* DefaultTestRepository.swift in Sources */,
				18AAF8412A13CC54002EF441 /* MusicWithinAreaResponseDTO.swift in Sources */,
				04FB1F2B2A021B8F0064B3C8 /* TestRepository.swift in Sources */,
				41B953682A10E39D00BEC0AB /* SearchedMusicResponseDTO.swift in Sources */,
				18F76FB02A050133006CF9EF /* ResponseDTO.swift in Sources */,
			);
			runOnlyForDeploymentPostprocessing = 0;
		};
		41FF58F52A06B38700ABB871 /* Sources */ = {
			isa = PBXSourcesBuildPhase;
			buildActionMask = 2147483647;
			files = (
				18AAF8372A136F9E002EF441 /* MusicWithinAreaResponseDTO.swift in Sources */,
				41FF59022A06B3A100ABB871 /* NetworkManager.swift in Sources */,
				41FF59032A06B3A200ABB871 /* NetworkService.swift in Sources */,
				0410388E2A12688A00BC5532 /* DropMusicRequestDTO.swift in Sources */,
				041038982A126E7B00BC5532 /* NumberOfDroppedMusicByDongResponseDTO.swift in Sources */,
				41B953692A10E5B800BEC0AB /* SearchedMusicResponseDTO.swift in Sources */,
				18AAF8422A13CC54002EF441 /* MusicWithinAreaResponseDTO.swift in Sources */,
				18AAF8382A136FA0002EF441 /* MusicWithinAreaRequestDTO.swift in Sources */,
				41FF58FC2A06B38800ABB871 /* NetworkManagerTest.swift in Sources */,
			);
			runOnlyForDeploymentPostprocessing = 0;
		};
/* End PBXSourcesBuildPhase section */

/* Begin PBXTargetDependency section */
		41FF58FE2A06B38800ABB871 /* PBXTargetDependency */ = {
			isa = PBXTargetDependency;
			target = 040684FB2A01539800377094 /* StreetDrop */;
			targetProxy = 41FF58FD2A06B38800ABB871 /* PBXContainerItemProxy */;
		};
/* End PBXTargetDependency section */

/* Begin PBXVariantGroup section */
		0406850A2A01539800377094 /* LaunchScreen.storyboard */ = {
			isa = PBXVariantGroup;
			children = (
				0406850B2A01539800377094 /* Base */,
			);
			name = LaunchScreen.storyboard;
			sourceTree = "<group>";
		};
/* End PBXVariantGroup section */

/* Begin XCBuildConfiguration section */
		0406850E2A01539800377094 /* Debug */ = {
			isa = XCBuildConfiguration;
			buildSettings = {
				ALWAYS_SEARCH_USER_PATHS = NO;
				CLANG_ANALYZER_NONNULL = YES;
				CLANG_ANALYZER_NUMBER_OBJECT_CONVERSION = YES_AGGRESSIVE;
				CLANG_CXX_LANGUAGE_STANDARD = "gnu++20";
				CLANG_ENABLE_MODULES = YES;
				CLANG_ENABLE_OBJC_ARC = YES;
				CLANG_ENABLE_OBJC_WEAK = YES;
				CLANG_WARN_BLOCK_CAPTURE_AUTORELEASING = YES;
				CLANG_WARN_BOOL_CONVERSION = YES;
				CLANG_WARN_COMMA = YES;
				CLANG_WARN_CONSTANT_CONVERSION = YES;
				CLANG_WARN_DEPRECATED_OBJC_IMPLEMENTATIONS = YES;
				CLANG_WARN_DIRECT_OBJC_ISA_USAGE = YES_ERROR;
				CLANG_WARN_DOCUMENTATION_COMMENTS = YES;
				CLANG_WARN_EMPTY_BODY = YES;
				CLANG_WARN_ENUM_CONVERSION = YES;
				CLANG_WARN_INFINITE_RECURSION = YES;
				CLANG_WARN_INT_CONVERSION = YES;
				CLANG_WARN_NON_LITERAL_NULL_CONVERSION = YES;
				CLANG_WARN_OBJC_IMPLICIT_RETAIN_SELF = YES;
				CLANG_WARN_OBJC_LITERAL_CONVERSION = YES;
				CLANG_WARN_OBJC_ROOT_CLASS = YES_ERROR;
				CLANG_WARN_QUOTED_INCLUDE_IN_FRAMEWORK_HEADER = YES;
				CLANG_WARN_RANGE_LOOP_ANALYSIS = YES;
				CLANG_WARN_STRICT_PROTOTYPES = YES;
				CLANG_WARN_SUSPICIOUS_MOVE = YES;
				CLANG_WARN_UNGUARDED_AVAILABILITY = YES_AGGRESSIVE;
				CLANG_WARN_UNREACHABLE_CODE = YES;
				CLANG_WARN__DUPLICATE_METHOD_MATCH = YES;
				COPY_PHASE_STRIP = NO;
				DEBUG_INFORMATION_FORMAT = dwarf;
				ENABLE_STRICT_OBJC_MSGSEND = YES;
				ENABLE_TESTABILITY = YES;
				GCC_C_LANGUAGE_STANDARD = gnu11;
				GCC_DYNAMIC_NO_PIC = NO;
				GCC_NO_COMMON_BLOCKS = YES;
				GCC_OPTIMIZATION_LEVEL = 0;
				GCC_PREPROCESSOR_DEFINITIONS = (
					"DEBUG=1",
					"$(inherited)",
				);
				GCC_WARN_64_TO_32_BIT_CONVERSION = YES;
				GCC_WARN_ABOUT_RETURN_TYPE = YES_ERROR;
				GCC_WARN_UNDECLARED_SELECTOR = YES;
				GCC_WARN_UNINITIALIZED_AUTOS = YES_AGGRESSIVE;
				GCC_WARN_UNUSED_FUNCTION = YES;
				GCC_WARN_UNUSED_VARIABLE = YES;
				IPHONEOS_DEPLOYMENT_TARGET = 14.0;
				MTL_ENABLE_DEBUG_INFO = INCLUDE_SOURCE;
				MTL_FAST_MATH = YES;
				ONLY_ACTIVE_ARCH = YES;
				SDKROOT = iphoneos;
				SWIFT_ACTIVE_COMPILATION_CONDITIONS = DEBUG;
				SWIFT_OPTIMIZATION_LEVEL = "-Onone";
			};
			name = Debug;
		};
		0406850F2A01539800377094 /* Release */ = {
			isa = XCBuildConfiguration;
			buildSettings = {
				ALWAYS_SEARCH_USER_PATHS = NO;
				CLANG_ANALYZER_NONNULL = YES;
				CLANG_ANALYZER_NUMBER_OBJECT_CONVERSION = YES_AGGRESSIVE;
				CLANG_CXX_LANGUAGE_STANDARD = "gnu++20";
				CLANG_ENABLE_MODULES = YES;
				CLANG_ENABLE_OBJC_ARC = YES;
				CLANG_ENABLE_OBJC_WEAK = YES;
				CLANG_WARN_BLOCK_CAPTURE_AUTORELEASING = YES;
				CLANG_WARN_BOOL_CONVERSION = YES;
				CLANG_WARN_COMMA = YES;
				CLANG_WARN_CONSTANT_CONVERSION = YES;
				CLANG_WARN_DEPRECATED_OBJC_IMPLEMENTATIONS = YES;
				CLANG_WARN_DIRECT_OBJC_ISA_USAGE = YES_ERROR;
				CLANG_WARN_DOCUMENTATION_COMMENTS = YES;
				CLANG_WARN_EMPTY_BODY = YES;
				CLANG_WARN_ENUM_CONVERSION = YES;
				CLANG_WARN_INFINITE_RECURSION = YES;
				CLANG_WARN_INT_CONVERSION = YES;
				CLANG_WARN_NON_LITERAL_NULL_CONVERSION = YES;
				CLANG_WARN_OBJC_IMPLICIT_RETAIN_SELF = YES;
				CLANG_WARN_OBJC_LITERAL_CONVERSION = YES;
				CLANG_WARN_OBJC_ROOT_CLASS = YES_ERROR;
				CLANG_WARN_QUOTED_INCLUDE_IN_FRAMEWORK_HEADER = YES;
				CLANG_WARN_RANGE_LOOP_ANALYSIS = YES;
				CLANG_WARN_STRICT_PROTOTYPES = YES;
				CLANG_WARN_SUSPICIOUS_MOVE = YES;
				CLANG_WARN_UNGUARDED_AVAILABILITY = YES_AGGRESSIVE;
				CLANG_WARN_UNREACHABLE_CODE = YES;
				CLANG_WARN__DUPLICATE_METHOD_MATCH = YES;
				COPY_PHASE_STRIP = NO;
				DEBUG_INFORMATION_FORMAT = "dwarf-with-dsym";
				ENABLE_NS_ASSERTIONS = NO;
				ENABLE_STRICT_OBJC_MSGSEND = YES;
				GCC_C_LANGUAGE_STANDARD = gnu11;
				GCC_NO_COMMON_BLOCKS = YES;
				GCC_WARN_64_TO_32_BIT_CONVERSION = YES;
				GCC_WARN_ABOUT_RETURN_TYPE = YES_ERROR;
				GCC_WARN_UNDECLARED_SELECTOR = YES;
				GCC_WARN_UNINITIALIZED_AUTOS = YES_AGGRESSIVE;
				GCC_WARN_UNUSED_FUNCTION = YES;
				GCC_WARN_UNUSED_VARIABLE = YES;
				IPHONEOS_DEPLOYMENT_TARGET = 14.0;
				MTL_ENABLE_DEBUG_INFO = NO;
				MTL_FAST_MATH = YES;
				SDKROOT = iphoneos;
				SWIFT_COMPILATION_MODE = wholemodule;
				SWIFT_OPTIMIZATION_LEVEL = "-O";
				VALIDATE_PRODUCT = YES;
			};
			name = Release;
		};
		040685112A01539800377094 /* Debug */ = {
			isa = XCBuildConfiguration;
			baseConfigurationReference = 33C6E9256EDABFB58F83B1C8 /* Pods-StreetDrop.debug.xcconfig */;
			buildSettings = {
				ASSETCATALOG_COMPILER_APPICON_NAME = AppIcon;
				ASSETCATALOG_COMPILER_GLOBAL_ACCENT_COLOR_NAME = AccentColor;
				CODE_SIGN_STYLE = Automatic;
				CURRENT_PROJECT_VERSION = 1;
				DEVELOPMENT_TEAM = MH2ZJS3XW4;
				GENERATE_INFOPLIST_FILE = YES;
				INFOPLIST_FILE = StreetDrop/Resource/Info.plist;
				INFOPLIST_KEY_UIApplicationSupportsIndirectInputEvents = YES;
				INFOPLIST_KEY_UILaunchStoryboardName = LaunchScreen;
				INFOPLIST_KEY_UISupportedInterfaceOrientations_iPad = "UIInterfaceOrientationPortrait UIInterfaceOrientationPortraitUpsideDown UIInterfaceOrientationLandscapeLeft UIInterfaceOrientationLandscapeRight";
				INFOPLIST_KEY_UISupportedInterfaceOrientations_iPhone = "UIInterfaceOrientationPortrait UIInterfaceOrientationLandscapeLeft UIInterfaceOrientationLandscapeRight";
				LD_RUNPATH_SEARCH_PATHS = (
					"$(inherited)",
					"@executable_path/Frameworks",
				);
				MARKETING_VERSION = 1.0;
				PRODUCT_BUNDLE_IDENTIFIER = kr.ac.kpu.StreetDrop;
				PRODUCT_NAME = "$(TARGET_NAME)";
				SWIFT_EMIT_LOC_STRINGS = YES;
				SWIFT_VERSION = 5.0;
				TARGETED_DEVICE_FAMILY = "1,2";
			};
			name = Debug;
		};
		040685122A01539800377094 /* Release */ = {
			isa = XCBuildConfiguration;
			baseConfigurationReference = 2611E7411DB7C5436A272A27 /* Pods-StreetDrop.release.xcconfig */;
			buildSettings = {
				ASSETCATALOG_COMPILER_APPICON_NAME = AppIcon;
				ASSETCATALOG_COMPILER_GLOBAL_ACCENT_COLOR_NAME = AccentColor;
				CODE_SIGN_STYLE = Automatic;
				CURRENT_PROJECT_VERSION = 1;
				DEVELOPMENT_TEAM = MH2ZJS3XW4;
				GENERATE_INFOPLIST_FILE = YES;
				INFOPLIST_FILE = StreetDrop/Resource/Info.plist;
				INFOPLIST_KEY_UIApplicationSupportsIndirectInputEvents = YES;
				INFOPLIST_KEY_UILaunchStoryboardName = LaunchScreen;
				INFOPLIST_KEY_UISupportedInterfaceOrientations_iPad = "UIInterfaceOrientationPortrait UIInterfaceOrientationPortraitUpsideDown UIInterfaceOrientationLandscapeLeft UIInterfaceOrientationLandscapeRight";
				INFOPLIST_KEY_UISupportedInterfaceOrientations_iPhone = "UIInterfaceOrientationPortrait UIInterfaceOrientationLandscapeLeft UIInterfaceOrientationLandscapeRight";
				LD_RUNPATH_SEARCH_PATHS = (
					"$(inherited)",
					"@executable_path/Frameworks",
				);
				MARKETING_VERSION = 1.0;
				PRODUCT_BUNDLE_IDENTIFIER = kr.ac.kpu.StreetDrop;
				PRODUCT_NAME = "$(TARGET_NAME)";
				SWIFT_EMIT_LOC_STRINGS = YES;
				SWIFT_VERSION = 5.0;
				TARGETED_DEVICE_FAMILY = "1,2";
			};
			name = Release;
		};
		41FF58FF2A06B38800ABB871 /* Debug */ = {
			isa = XCBuildConfiguration;
			buildSettings = {
				BUNDLE_LOADER = "$(TEST_HOST)";
				CODE_SIGN_STYLE = Automatic;
				CURRENT_PROJECT_VERSION = 1;
				DEVELOPMENT_TEAM = G9W4Z8U9JB;
				GENERATE_INFOPLIST_FILE = YES;
				IPHONEOS_DEPLOYMENT_TARGET = 16.2;
				MACOSX_DEPLOYMENT_TARGET = 12.5;
				MARKETING_VERSION = 1.0;
				PRODUCT_BUNDLE_IDENTIFIER = com.sunny.NetworkManagerTest;
				PRODUCT_NAME = "$(TARGET_NAME)";
				SDKROOT = auto;
				SUPPORTED_PLATFORMS = "iphoneos iphonesimulator macosx";
				SWIFT_EMIT_LOC_STRINGS = NO;
				SWIFT_VERSION = 5.0;
				TARGETED_DEVICE_FAMILY = "1,2";
				TEST_HOST = "$(BUILT_PRODUCTS_DIR)/StreetDrop.app/$(BUNDLE_EXECUTABLE_FOLDER_PATH)/StreetDrop";
			};
			name = Debug;
		};
		41FF59002A06B38800ABB871 /* Release */ = {
			isa = XCBuildConfiguration;
			buildSettings = {
				BUNDLE_LOADER = "$(TEST_HOST)";
				CODE_SIGN_STYLE = Automatic;
				CURRENT_PROJECT_VERSION = 1;
				DEVELOPMENT_TEAM = G9W4Z8U9JB;
				GENERATE_INFOPLIST_FILE = YES;
				IPHONEOS_DEPLOYMENT_TARGET = 16.2;
				MACOSX_DEPLOYMENT_TARGET = 12.5;
				MARKETING_VERSION = 1.0;
				PRODUCT_BUNDLE_IDENTIFIER = com.sunny.NetworkManagerTest;
				PRODUCT_NAME = "$(TARGET_NAME)";
				SDKROOT = auto;
				SUPPORTED_PLATFORMS = "iphoneos iphonesimulator macosx";
				SWIFT_EMIT_LOC_STRINGS = NO;
				SWIFT_VERSION = 5.0;
				TARGETED_DEVICE_FAMILY = "1,2";
				TEST_HOST = "$(BUILT_PRODUCTS_DIR)/StreetDrop.app/$(BUNDLE_EXECUTABLE_FOLDER_PATH)/StreetDrop";
			};
			name = Release;
		};
/* End XCBuildConfiguration section */

/* Begin XCConfigurationList section */
		040684F72A01539800377094 /* Build configuration list for PBXProject "StreetDrop" */ = {
			isa = XCConfigurationList;
			buildConfigurations = (
				0406850E2A01539800377094 /* Debug */,
				0406850F2A01539800377094 /* Release */,
			);
			defaultConfigurationIsVisible = 0;
			defaultConfigurationName = Release;
		};
		040685102A01539800377094 /* Build configuration list for PBXNativeTarget "StreetDrop" */ = {
			isa = XCConfigurationList;
			buildConfigurations = (
				040685112A01539800377094 /* Debug */,
				040685122A01539800377094 /* Release */,
			);
			defaultConfigurationIsVisible = 0;
			defaultConfigurationName = Release;
		};
		41FF59012A06B38800ABB871 /* Build configuration list for PBXNativeTarget "NetworkManagerTest" */ = {
			isa = XCConfigurationList;
			buildConfigurations = (
				41FF58FF2A06B38800ABB871 /* Debug */,
				41FF59002A06B38800ABB871 /* Release */,
			);
			defaultConfigurationIsVisible = 0;
			defaultConfigurationName = Release;
		};
/* End XCConfigurationList section */

/* Begin XCRemoteSwiftPackageReference section */
		049BC4242A02826400071A12 /* XCRemoteSwiftPackageReference "RxSwift" */ = {
			isa = XCRemoteSwiftPackageReference;
			repositoryURL = "https://github.com/ReactiveX/RxSwift";
			requirement = {
				kind = upToNextMajorVersion;
				minimumVersion = 6.0.0;
			};
		};
		049BC4342A02845900071A12 /* XCRemoteSwiftPackageReference "Moya" */ = {
			isa = XCRemoteSwiftPackageReference;
			repositoryURL = "https://github.com/Moya/Moya";
			requirement = {
				branch = master;
				kind = branch;
			};
		};
		049BC4392A0284E900071A12 /* XCRemoteSwiftPackageReference "SnapKit" */ = {
			isa = XCRemoteSwiftPackageReference;
			repositoryURL = "https://github.com/SnapKit/SnapKit";
			requirement = {
				branch = develop;
				kind = branch;
			};
		};
/* End XCRemoteSwiftPackageReference section */

/* Begin XCSwiftPackageProductDependency section */
		049BC4252A02826400071A12 /* RxCocoa */ = {
			isa = XCSwiftPackageProductDependency;
			package = 049BC4242A02826400071A12 /* XCRemoteSwiftPackageReference "RxSwift" */;
			productName = RxCocoa;
		};
		049BC4272A02826400071A12 /* RxRelay */ = {
			isa = XCSwiftPackageProductDependency;
			package = 049BC4242A02826400071A12 /* XCRemoteSwiftPackageReference "RxSwift" */;
			productName = RxRelay;
		};
		049BC4292A02826400071A12 /* RxSwift */ = {
			isa = XCSwiftPackageProductDependency;
			package = 049BC4242A02826400071A12 /* XCRemoteSwiftPackageReference "RxSwift" */;
			productName = RxSwift;
		};
		049BC4352A02845900071A12 /* Moya */ = {
			isa = XCSwiftPackageProductDependency;
			package = 049BC4342A02845900071A12 /* XCRemoteSwiftPackageReference "Moya" */;
			productName = Moya;
		};
		049BC4372A02845900071A12 /* RxMoya */ = {
			isa = XCSwiftPackageProductDependency;
			package = 049BC4342A02845900071A12 /* XCRemoteSwiftPackageReference "Moya" */;
			productName = RxMoya;
		};
		049BC43A2A0284E900071A12 /* SnapKit */ = {
			isa = XCSwiftPackageProductDependency;
			package = 049BC4392A0284E900071A12 /* XCRemoteSwiftPackageReference "SnapKit" */;
			productName = SnapKit;
		};
/* End XCSwiftPackageProductDependency section */
	};
	rootObject = 040684F42A01539800377094 /* Project object */;
}
